<?xml version="1.0" encoding="utf-8"?>
<Project ToolsVersion="4.0" xmlns="http://schemas.microsoft.com/developer/msbuild/2003">
  <ItemGroup>
    <Filter Include="Quelldateien">
      <UniqueIdentifier>{4FC737F1-C7A5-4376-A066-2A32D752A2FF}</UniqueIdentifier>
      <Extensions>cpp;c;cc;cxx;def;odl;idl;hpj;bat;asm;asmx</Extensions>
    </Filter>
    <Filter Include="Headerdateien">
      <UniqueIdentifier>{93995380-89BD-4b04-88EB-625FBE52EBFB}</UniqueIdentifier>
      <Extensions>h;hh;hpp;hxx;hm;inl;inc;ipp;xsd</Extensions>
    </Filter>
    <Filter Include="Ressourcendateien">
      <UniqueIdentifier>{67DA6AB6-F800-4c08-8B7A-83BB121AAD01}</UniqueIdentifier>
      <Extensions>rc;ico;cur;bmp;dlg;rc2;rct;bin;rgs;gif;jpg;jpeg;jpe;resx;tiff;tif;png;wav;mfcribbon-ms</Extensions>
    </Filter>
    <Filter Include="Quelldateien\misc">
      <UniqueIdentifier>{1199652c-2194-459d-986e-24655328ed76}</UniqueIdentifier>
    </Filter>
    <Filter Include="Headerdateien\misc">
      <UniqueIdentifier>{3d67eb53-1240-460c-b099-80ec75c33cbc}</UniqueIdentifier>
    </Filter>
    <Filter Include="Headerdateien\gameplay">
      <UniqueIdentifier>{32f8903b-4adf-4407-aaa9-abf57db2a6e2}</UniqueIdentifier>
    </Filter>
    <Filter Include="Quelldateien\gameplay">
      <UniqueIdentifier>{7bddfa52-d728-4324-a08f-30da05ef9e6d}</UniqueIdentifier>
    </Filter>
    <Filter Include="Quelldateien\gameplay\gameobjects">
      <UniqueIdentifier>{c7a02c8e-f01f-474c-8629-cac6b15f8c6e}</UniqueIdentifier>
    </Filter>
    <Filter Include="Headerdateien\gameplay\gameobjects">
      <UniqueIdentifier>{f82417f2-8da2-45a2-923d-abbc08482c6e}</UniqueIdentifier>
    </Filter>
    <Filter Include="Headerdateien\gui">
      <UniqueIdentifier>{05b6d76c-68fe-4618-b056-b8de420dee89}</UniqueIdentifier>
    </Filter>
    <Filter Include="Quelldateien\gui">
      <UniqueIdentifier>{49c6e11d-88d5-4b84-987d-55a3292537c3}</UniqueIdentifier>
    </Filter>
  </ItemGroup>
  <ItemGroup>
    <ClCompile Include="main.cpp">
      <Filter>Quelldateien</Filter>
    </ClCompile>
    <ClCompile Include="Animation.cpp">
      <Filter>Quelldateien\misc</Filter>
    </ClCompile>
    <ClCompile Include="Clamp.cpp">
      <Filter>Quelldateien\misc</Filter>
    </ClCompile>
    <ClCompile Include="Options.cpp">
      <Filter>Quelldateien\misc</Filter>
    </ClCompile>
    <ClCompile Include="GameMap.cpp">
      <Filter>Quelldateien\gameplay</Filter>
    </ClCompile>
    <ClCompile Include="MapDatabase.cpp">
      <Filter>Quelldateien\gameplay</Filter>
    </ClCompile>
    <ClCompile Include="GameObject.cpp">
      <Filter>Quelldateien\gameplay</Filter>
    </ClCompile>
    <ClCompile Include="Savegame.cpp">
      <Filter>Quelldateien\misc</Filter>
    </ClCompile>
    <ClCompile Include="GmObjCar.cpp">
      <Filter>Quelldateien\gameplay\gameobjects</Filter>
    </ClCompile>
    <ClCompile Include="GmObjDoor.cpp">
      <Filter>Quelldateien\gameplay\gameobjects</Filter>
    </ClCompile>
    <ClCompile Include="GuiWindow.cpp">
      <Filter>Quelldateien\gui</Filter>
    </ClCompile>
    <ClCompile Include="GuiContainer.cpp">
      <Filter>Quelldateien\gui</Filter>
    </ClCompile>
    <ClCompile Include="GuiElement.cpp">
      <Filter>Quelldateien\gui</Filter>
    </ClCompile>
    <ClCompile Include="GuiRectangle.cpp">
      <Filter>Quelldateien\gui</Filter>
    </ClCompile>
    <ClCompile Include="Global.cpp">
      <Filter>Quelldateien\misc</Filter>
    </ClCompile>
    <ClCompile Include="GuiButton.cpp">
      <Filter>Quelldateien\gui</Filter>
    </ClCompile>
    <ClCompile Include="Clickable.cpp">
      <Filter>Quelldateien\misc</Filter>
    </ClCompile>
    <ClCompile Include="ClickStack.cpp">
      <Filter>Quelldateien\misc</Filter>
    </ClCompile>
    <ClCompile Include="ClickableGuiElement.cpp">
      <Filter>Quelldateien\misc</Filter>
    </ClCompile>
  </ItemGroup>
  <ItemGroup>
    <Text Include="License.txt">
      <Filter>Ressourcendateien</Filter>
    </Text>
  </ItemGroup>
  <ItemGroup>
    <Image Include="recources\car.png">
      <Filter>Ressourcendateien</Filter>
    </Image>
    <Image Include="recources\car_highlight.png">
      <Filter>Ressourcendateien</Filter>
    </Image>
    <Image Include="recources\door.png">
      <Filter>Ressourcendateien</Filter>
    </Image>
    <Image Include="recources\garageBkg.png">
      <Filter>Ressourcendateien</Filter>
    </Image>
    <Image Include="recources\shipyardBkg.png">
      <Filter>Ressourcendateien</Filter>
    </Image>
  </ItemGroup>
  <ItemGroup>
    <None Include="recources\defalut_options.json">
      <Filter>Ressourcendateien</Filter>
    </None>
    <None Include="recources\garage.json">
      <Filter>Ressourcendateien</Filter>
    </None>
    <None Include="recources\shipyard.json">
      <Filter>Ressourcendateien</Filter>
    </None>
  </ItemGroup>
  <ItemGroup>
    <ClInclude Include="Animation.h">
      <Filter>Headerdateien\misc</Filter>
    </ClInclude>
    <ClInclude Include="Clamp.h">
      <Filter>Headerdateien\misc</Filter>
    </ClInclude>
    <ClInclude Include="Coords.h">
      <Filter>Headerdateien\misc</Filter>
    </ClInclude>
    <ClInclude Include="debug.h">
      <Filter>Headerdateien\misc</Filter>
    </ClInclude>
    <ClInclude Include="json.hpp">
      <Filter>Headerdateien\misc</Filter>
    </ClInclude>
    <ClInclude Include="Options.h">
      <Filter>Headerdateien\misc</Filter>
    </ClInclude>
    <ClInclude Include="Space.h">
      <Filter>Headerdateien\misc</Filter>
    </ClInclude>
    <ClInclude Include="MapDatabase.h">
      <Filter>Headerdateien\gameplay</Filter>
    </ClInclude>
    <ClInclude Include="GameMap.h">
      <Filter>Headerdateien\gameplay</Filter>
    </ClInclude>
    <ClInclude Include="GameObject.h">
      <Filter>Headerdateien\gameplay</Filter>
    </ClInclude>
    <ClInclude Include="Savegame.h">
      <Filter>Headerdateien\misc</Filter>
    </ClInclude>
    <ClInclude Include="GmObjCar.h">
      <Filter>Headerdateien\gameplay\gameobjects</Filter>
    </ClInclude>
    <ClInclude Include="GmObjDoor.h">
      <Filter>Headerdateien\gameplay\gameobjects</Filter>
    </ClInclude>
    <ClInclude Include="GuiWindow.h">
      <Filter>Headerdateien\gui</Filter>
    </ClInclude>
    <ClInclude Include="GuiContainer.h">
      <Filter>Headerdateien\gui</Filter>
    </ClInclude>
    <ClInclude Include="GuiElement.h">
      <Filter>Headerdateien\gui</Filter>
    </ClInclude>
    <ClInclude Include="GuiRectangle.h">
      <Filter>Headerdateien\gui</Filter>
    </ClInclude>
    <ClInclude Include="Global.h">
      <Filter>Headerdateien\misc</Filter>
    </ClInclude>
    <ClInclude Include="GuiButton.h">
      <Filter>Headerdateien\gui</Filter>
    </ClInclude>
    <ClInclude Include="Clickable.h">
      <Filter>Headerdateien\misc</Filter>
    </ClInclude>
    <ClInclude Include="ClickStack.h">
      <Filter>Headerdateien\misc</Filter>
    </ClInclude>
    <ClInclude Include="ClickableGuiElement.h">
      <Filter>Headerdateien\misc</Filter>
    </ClInclude>
  </ItemGroup>
</Project>