
Microsoft Visual Studio Solution File, Format Version 12.00
# Visual Studio 15
VisualStudioVersion = 15.0.28010.2046
MinimumVisualStudioVersion = 10.0.40219.1
Project("{8BC9CEB8-8B4A-11D0-8D11-00A0C91BC942}") = "FactoryGame", "FactoryGame\FactoryGame.vcxproj", "{B1C01E90-FBBE-45E7-B7C1-9260B93E4D38}"
EndProject
Global
	GlobalSection(SolutionConfigurationPlatforms) = preSolution
		Debug|x64 = Debug|x64
		Debug|x86 = Debug|x86
		Release|x64 = Release|x64
		Release|x86 = Release|x86
	EndGlobalSection
	GlobalSection(ProjectConfigurationPlatforms) = postSolution
		{B1C01E90-FBBE-45E7-B7C1-9260B93E4D38}.Debug|x64.ActiveCfg = Debug|x64
		{B1C01E90-FBBE-45E7-B7C1-9260B93E4D38}.Debug|x64.Build.0 = Debug|x64
		{B1C01E90-FBBE-45E7-B7C1-9260B93E4D38}.Debug|x86.ActiveCfg = Debug|Win32
		{B1C01E90-FBBE-45E7-B7C1-9260B93E4D38}.Debug|x86.Build.0 = Debug|Win32
		{B1C01E90-FBBE-45E7-B7C1-9260B93E4D38}.Release|x64.ActiveCfg = Release|x64
		{B1C01E90-FBBE-45E7-B7C1-9260B93E4D38}.Release|x64.Build.0 = Release|x64
		{B1C01E90-FBBE-45E7-B7C1-9260B93E4D38}.Release|x86.ActiveCfg = Release|Win32
		{B1C01E90-FBBE-45E7-B7C1-9260B93E4D38}.Release|x86.Build.0 = Release|Win32
	EndGlobalSection
	GlobalSection(SolutionProperties) = preSolution
		HideSolutionNode = FALSE
	EndGlobalSection
	GlobalSection(ExtensibilityGlobals) = postSolution
		SolutionGuid = {FF42FA94-99FA-4B64-BA55-77AD32B02F4A}
	EndGlobalSection
EndGlobal
